
Microsoft Visual Studio Solution File, Format Version 12.00
# Visual Studio Version 17
VisualStudioVersion = 17.12.35707.178
MinimumVisualStudioVersion = 10.0.40219.1
Project("{FAE04EC0-301F-11D3-BF4B-00C04F79EFBC}") = "CashFlow", "CashFlow\CashFlow.csproj", "{394A610E-9B00-48F3-97AA-B6CE66640F16}"
EndProject
Project("{FAE04EC0-301F-11D3-BF4B-00C04F79EFBC}") = "NightmareUI", "NightmareUI\NightmareUI\NightmareUI.csproj", "{F05E3DC2-FD82-4A7C-8DC0-C45776FC9A91}"
EndProject
Global
	GlobalSection(SolutionConfigurationPlatforms) = preSolution
		Debug|Any CPU = Debug|Any CPU
		Release|Any CPU = Release|Any CPU
	EndGlobalSection
	GlobalSection(ProjectConfigurationPlatforms) = postSolution
		{394A610E-9B00-48F3-97AA-B6CE66640F16}.Debug|Any CPU.ActiveCfg = Debug|x64
		{394A610E-9B00-48F3-97AA-B6CE66640F16}.Debug|Any CPU.Build.0 = Debug|x64
		{394A610E-9B00-48F3-97AA-B6CE66640F16}.Release|Any CPU.ActiveCfg = Release|x64
		{394A610E-9B00-48F3-97AA-B6CE66640F16}.Release|Any CPU.Build.0 = Release|x64
		{F05E3DC2-FD82-4A7C-8DC0-C45776FC9A91}.Debug|Any CPU.ActiveCfg = Debug|x64
		{F05E3DC2-FD82-4A7C-8DC0-C45776FC9A91}.Debug|Any CPU.Build.0 = Debug|x64
		{F05E3DC2-FD82-4A7C-8DC0-C45776FC9A91}.Release|Any CPU.ActiveCfg = Release|x64
		{F05E3DC2-FD82-4A7C-8DC0-C45776FC9A91}.Release|Any CPU.Build.0 = Release|x64
	EndGlobalSection
	GlobalSection(SolutionProperties) = preSolution
		HideSolutionNode = FALSE
	EndGlobalSection
	GlobalSection(ExtensibilityGlobals) = postSolution
		SolutionGuid = {47B5165D-9F63-47C1-82EE-3B2172866657}
	EndGlobalSection
EndGlobal
